
Microsoft Visual Studio Solution File, Format Version 12.00
# Visual Studio Version 17
VisualStudioVersion = 17.5.002.0
MinimumVisualStudioVersion = 10.0.40219.1
Project("{9A19103F-16F7-4668-BE54-9A1E7A4F7556}") = "MutlaKareAlma", "MutlaKareAlma.csproj", "{D3B15C63-BE7C-4331-912D-EB7EC7B74949}"
EndProject
Global
	GlobalSection(SolutionConfigurationPlatforms) = preSolution
		Debug|Any CPU = Debug|Any CPU
		Release|Any CPU = Release|Any CPU
	EndGlobalSection
	GlobalSection(ProjectConfigurationPlatforms) = postSolution
		{D3B15C63-BE7C-4331-912D-EB7EC7B74949}.Debug|Any CPU.ActiveCfg = Debug|Any CPU
		{D3B15C63-BE7C-4331-912D-EB7EC7B74949}.Debug|Any CPU.Build.0 = Debug|Any CPU
		{D3B15C63-BE7C-4331-912D-EB7EC7B74949}.Release|Any CPU.ActiveCfg = Release|Any CPU
		{D3B15C63-BE7C-4331-912D-EB7EC7B74949}.Release|Any CPU.Build.0 = Release|Any CPU
	EndGlobalSection
	GlobalSection(SolutionProperties) = preSolution
		HideSolutionNode = FALSE
	EndGlobalSection
	GlobalSection(ExtensibilityGlobals) = postSolution
		SolutionGuid = {C9627CC4-5D11-4F18-A082-CEFB0244A90A}
	EndGlobalSection
EndGlobal
