
Microsoft Visual Studio Solution File, Format Version 12.00
# Visual Studio Version 17
VisualStudioVersion = 17.5.002.0
MinimumVisualStudioVersion = 10.0.40219.1
Project("{9A19103F-16F7-4668-BE54-9A1E7A4F7556}") = "Barcode", "Barcode.csproj", "{25FA208F-864F-4DD3-BB28-576B22405856}"
EndProject
Global
	GlobalSection(SolutionConfigurationPlatforms) = preSolution
		Debug|Any CPU = Debug|Any CPU
		Release|Any CPU = Release|Any CPU
	EndGlobalSection
	GlobalSection(ProjectConfigurationPlatforms) = postSolution
		{25FA208F-864F-4DD3-BB28-576B22405856}.Debug|Any CPU.ActiveCfg = Debug|Any CPU
		{25FA208F-864F-4DD3-BB28-576B22405856}.Debug|Any CPU.Build.0 = Debug|Any CPU
		{25FA208F-864F-4DD3-BB28-576B22405856}.Release|Any CPU.ActiveCfg = Release|Any CPU
		{25FA208F-864F-4DD3-BB28-576B22405856}.Release|Any CPU.Build.0 = Release|Any CPU
	EndGlobalSection
	GlobalSection(SolutionProperties) = preSolution
		HideSolutionNode = FALSE
	EndGlobalSection
	GlobalSection(ExtensibilityGlobals) = postSolution
		SolutionGuid = {A9495B6C-C21A-4B29-A43E-8DFC0A71C9C9}
	EndGlobalSection
EndGlobal
